// !$*UTF8*$!
{
	archiveVersion = 1;
	classes = {
	};
	objectVersion = 46;
	objects = {

/* Begin PBXBuildFile section */
		767F65621DF2B70A00954E00 /* main.m in Sources */ = {isa = PBXBuildFile; fileRef = 767F65611DF2B70A00954E00 /* main.m */; };
		767F65651DF2B70A00954E00 /* AppDelegate.m in Sources */ = {isa = PBXBuildFile; fileRef = 767F65641DF2B70A00954E00 /* AppDelegate.m */; };
		767F656B1DF2B70A00954E00 /* Main.storyboard in Resources */ = {isa = PBXBuildFile; fileRef = 767F65691DF2B70A00954E00 /* Main.storyboard */; };
		767F656D1DF2B70A00954E00 /* Assets.xcassets in Resources */ = {isa = PBXBuildFile; fileRef = 767F656C1DF2B70A00954E00 /* Assets.xcassets */; };
		767F65701DF2B70A00954E00 /* LaunchScreen.storyboard in Resources */ = {isa = PBXBuildFile; fileRef = 767F656E1DF2B70A00954E00 /* LaunchScreen.storyboard */; };
		767F657B1DF2B70A00954E00 /* ManyLanguageTests.m in Sources */ = {isa = PBXBuildFile; fileRef = 767F657A1DF2B70A00954E00 /* ManyLanguageTests.m */; };
		767F65861DF2B70A00954E00 /* ManyLanguageUITests.m in Sources */ = {isa = PBXBuildFile; fileRef = 767F65851DF2B70A00954E00 /* ManyLanguageUITests.m */; };
		767F659E1DF2BFA000954E00 /* ViewController.m in Sources */ = {isa = PBXBuildFile; fileRef = 767F659C1DF2BFA000954E00 /* ViewController.m */; };
		767F659F1DF2BFA000954E00 /* ViewController.xib in Resources */ = {isa = PBXBuildFile; fileRef = 767F659D1DF2BFA000954E00 /* ViewController.xib */; };
		767F65A21DF2C4C800954E00 /* InfoPlist.strings in Resources */ = {isa = PBXBuildFile; fileRef = 767F65A41DF2C4C800954E00 /* InfoPlist.strings */; };
		767F65AB1DF2CA8F00954E00 /* Localizable.strings in Resources */ = {isa = PBXBuildFile; fileRef = 767F65AD1DF2CA8F00954E00 /* Localizable.strings */; };
		FB235E621DF519F000F69F65 /* TabBarViewController.m in Sources */ = {isa = PBXBuildFile; fileRef = FB235E611DF519F000F69F65 /* TabBarViewController.m */; };
		FB235E6B1DF5354900F69F65 /* NSBundle+Language.m in Sources */ = {isa = PBXBuildFile; fileRef = FB235E6A1DF5354900F69F65 /* NSBundle+Language.m */; };
		FB235E6F1DF559C200F69F65 /* ViewController1.m in Sources */ = {isa = PBXBuildFile; fileRef = FB235E6D1DF559C200F69F65 /* ViewController1.m */; };
		FB235E701DF559C200F69F65 /* ViewController1.xib in Resources */ = {isa = PBXBuildFile; fileRef = FB235E6E1DF559C200F69F65 /* ViewController1.xib */; };
		FB235E741DF559CF00F69F65 /* ViewController2.m in Sources */ = {isa = PBXBuildFile; fileRef = FB235E721DF559CF00F69F65 /* ViewController2.m */; };
		FB235E751DF559CF00F69F65 /* ViewController2.xib in Resources */ = {isa = PBXBuildFile; fileRef = FB235E731DF559CF00F69F65 /* ViewController2.xib */; };
/* End PBXBuildFile section */

/* Begin PBXContainerItemProxy section */
		767F65771DF2B70A00954E00 /* PBXContainerItemProxy */ = {
			isa = PBXContainerItemProxy;
			containerPortal = 767F65551DF2B70A00954E00 /* Project object */;
			proxyType = 1;
			remoteGlobalIDString = 767F655C1DF2B70A00954E00;
			remoteInfo = ManyLanguage;
		};
		767F65821DF2B70A00954E00 /* PBXContainerItemProxy */ = {
			isa = PBXContainerItemProxy;
			containerPortal = 767F65551DF2B70A00954E00 /* Project object */;
			proxyType = 1;
			remoteGlobalIDString = 767F655C1DF2B70A00954E00;
			remoteInfo = ManyLanguage;
		};
/* End PBXContainerItemProxy section */

/* Begin PBXFileReference section */
		767F655D1DF2B70A00954E00 /* ManyLanguage.app */ = {isa = PBXFileReference; explicitFileType = wrapper.application; includeInIndex = 0; path = ManyLanguage.app; sourceTree = BUILT_PRODUCTS_DIR; };
		767F65611DF2B70A00954E00 /* main.m */ = {isa = PBXFileReference; lastKnownFileType = sourcecode.c.objc; path = main.m; sourceTree = "<group>"; };
		767F65631DF2B70A00954E00 /* AppDelegate.h */ = {isa = PBXFileReference; lastKnownFileType = sourcecode.c.h; path = AppDelegate.h; sourceTree = "<group>"; };
		767F65641DF2B70A00954E00 /* AppDelegate.m */ = {isa = PBXFileReference; lastKnownFileType = sourcecode.c.objc; path = AppDelegate.m; sourceTree = "<group>"; };
		767F656A1DF2B70A00954E00 /* Base */ = {isa = PBXFileReference; lastKnownFileType = file.storyboard; name = Base; path = Base.lproj/Main.storyboard; sourceTree = "<group>"; };
		767F656C1DF2B70A00954E00 /* Assets.xcassets */ = {isa = PBXFileReference; lastKnownFileType = folder.assetcatalog; path = Assets.xcassets; sourceTree = "<group>"; };
		767F656F1DF2B70A00954E00 /* Base */ = {isa = PBXFileReference; lastKnownFileType = file.storyboard; name = Base; path = Base.lproj/LaunchScreen.storyboard; sourceTree = "<group>"; };
		767F65711DF2B70A00954E00 /* Info.plist */ = {isa = PBXFileReference; lastKnownFileType = text.plist.xml; path = Info.plist; sourceTree = "<group>"; };
		767F65761DF2B70A00954E00 /* ManyLanguageTests.xctest */ = {isa = PBXFileReference; explicitFileType = wrapper.cfbundle; includeInIndex = 0; path = ManyLanguageTests.xctest; sourceTree = BUILT_PRODUCTS_DIR; };
		767F657A1DF2B70A00954E00 /* ManyLanguageTests.m */ = {isa = PBXFileReference; lastKnownFileType = sourcecode.c.objc; path = ManyLanguageTests.m; sourceTree = "<group>"; };
		767F657C1DF2B70A00954E00 /* Info.plist */ = {isa = PBXFileReference; lastKnownFileType = text.plist.xml; path = Info.plist; sourceTree = "<group>"; };
		767F65811DF2B70A00954E00 /* ManyLanguageUITests.xctest */ = {isa = PBXFileReference; explicitFileType = wrapper.cfbundle; includeInIndex = 0; path = ManyLanguageUITests.xctest; sourceTree = BUILT_PRODUCTS_DIR; };
		767F65851DF2B70A00954E00 /* ManyLanguageUITests.m */ = {isa = PBXFileReference; lastKnownFileType = sourcecode.c.objc; path = ManyLanguageUITests.m; sourceTree = "<group>"; };
		767F65871DF2B70A00954E00 /* Info.plist */ = {isa = PBXFileReference; lastKnownFileType = text.plist.xml; path = Info.plist; sourceTree = "<group>"; };
		767F65981DF2B88100954E00 /* km-KH */ = {isa = PBXFileReference; lastKnownFileType = text.plist.strings; name = "km-KH"; path = "km-KH.lproj/Main.strings"; sourceTree = "<group>"; };
		767F65991DF2B88100954E00 /* km-KH */ = {isa = PBXFileReference; lastKnownFileType = text.plist.strings; name = "km-KH"; path = "km-KH.lproj/LaunchScreen.strings"; sourceTree = "<group>"; };
		767F659B1DF2BFA000954E00 /* ViewController.h */ = {isa = PBXFileReference; fileEncoding = 4; lastKnownFileType = sourcecode.c.h; path = ViewController.h; sourceTree = "<group>"; };
		767F659C1DF2BFA000954E00 /* ViewController.m */ = {isa = PBXFileReference; fileEncoding = 4; lastKnownFileType = sourcecode.c.objc; path = ViewController.m; sourceTree = "<group>"; };
		767F659D1DF2BFA000954E00 /* ViewController.xib */ = {isa = PBXFileReference; fileEncoding = 4; lastKnownFileType = file.xib; path = ViewController.xib; sourceTree = "<group>"; };
		767F65A31DF2C4C800954E00 /* km-KH */ = {isa = PBXFileReference; lastKnownFileType = text.plist.strings; name = "km-KH"; path = "km-KH.lproj/InfoPlist.strings"; sourceTree = "<group>"; };
		767F65A51DF2C4CB00954E00 /* en */ = {isa = PBXFileReference; lastKnownFileType = text.plist.strings; name = en; path = en.lproj/InfoPlist.strings; sourceTree = "<group>"; };
		767F65A61DF2C8C600954E00 /* zh-Hans */ = {isa = PBXFileReference; lastKnownFileType = text.plist.strings; name = "zh-Hans"; path = "zh-Hans.lproj/Main.strings"; sourceTree = "<group>"; };
		767F65A71DF2C8C600954E00 /* zh-Hans */ = {isa = PBXFileReference; lastKnownFileType = text.plist.strings; name = "zh-Hans"; path = "zh-Hans.lproj/LaunchScreen.strings"; sourceTree = "<group>"; };
		767F65A81DF2C8C600954E00 /* zh-Hans */ = {isa = PBXFileReference; lastKnownFileType = text.plist.strings; name = "zh-Hans"; path = "zh-Hans.lproj/InfoPlist.strings"; sourceTree = "<group>"; };
		767F65AC1DF2CA8F00954E00 /* Base */ = {isa = PBXFileReference; lastKnownFileType = text.plist.strings; name = Base; path = Base.lproj/Localizable.strings; sourceTree = "<group>"; };
		767F65AE1DF2CA9100954E00 /* en */ = {isa = PBXFileReference; lastKnownFileType = text.plist.strings; name = en; path = en.lproj/Localizable.strings; sourceTree = "<group>"; };
		767F65AF1DF2CA9200954E00 /* km-KH */ = {isa = PBXFileReference; lastKnownFileType = text.plist.strings; name = "km-KH"; path = "km-KH.lproj/Localizable.strings"; sourceTree = "<group>"; };
		767F65B01DF2CA9400954E00 /* zh-Hans */ = {isa = PBXFileReference; lastKnownFileType = text.plist.strings; name = "zh-Hans"; path = "zh-Hans.lproj/Localizable.strings"; sourceTree = "<group>"; };
		FB235E601DF519F000F69F65 /* TabBarViewController.h */ = {isa = PBXFileReference; fileEncoding = 4; lastKnownFileType = sourcecode.c.h; path = TabBarViewController.h; sourceTree = "<group>"; };
		FB235E611DF519F000F69F65 /* TabBarViewController.m */ = {isa = PBXFileReference; fileEncoding = 4; lastKnownFileType = sourcecode.c.objc; path = TabBarViewController.m; sourceTree = "<group>"; };
		FB235E691DF5354900F69F65 /* NSBundle+Language.h */ = {isa = PBXFileReference; fileEncoding = 4; lastKnownFileType = sourcecode.c.h; path = "NSBundle+Language.h"; sourceTree = "<group>"; };
		FB235E6A1DF5354900F69F65 /* NSBundle+Language.m */ = {isa = PBXFileReference; fileEncoding = 4; lastKnownFileType = sourcecode.c.objc; path = "NSBundle+Language.m"; sourceTree = "<group>"; };
		FB235E6C1DF559C200F69F65 /* ViewController1.h */ = {isa = PBXFileReference; fileEncoding = 4; lastKnownFileType = sourcecode.c.h; path = ViewController1.h; sourceTree = "<group>"; };
		FB235E6D1DF559C200F69F65 /* ViewController1.m */ = {isa = PBXFileReference; fileEncoding = 4; lastKnownFileType = sourcecode.c.objc; path = ViewController1.m; sourceTree = "<group>"; };
		FB235E6E1DF559C200F69F65 /* ViewController1.xib */ = {isa = PBXFileReference; fileEncoding = 4; lastKnownFileType = file.xib; path = ViewController1.xib; sourceTree = "<group>"; };
		FB235E711DF559CF00F69F65 /* ViewController2.h */ = {isa = PBXFileReference; fileEncoding = 4; lastKnownFileType = sourcecode.c.h; path = ViewController2.h; sourceTree = "<group>"; };
		FB235E721DF559CF00F69F65 /* ViewController2.m */ = {isa = PBXFileReference; fileEncoding = 4; lastKnownFileType = sourcecode.c.objc; path = ViewController2.m; sourceTree = "<group>"; };
		FB235E731DF559CF00F69F65 /* ViewController2.xib */ = {isa = PBXFileReference; fileEncoding = 4; lastKnownFileType = file.xib; path = ViewController2.xib; sourceTree = "<group>"; };
/* End PBXFileReference section */

/* Begin PBXFrameworksBuildPhase section */
		767F655A1DF2B70A00954E00 /* Frameworks */ = {
			isa = PBXFrameworksBuildPhase;
			buildActionMask = 2147483647;
			files = (
			);
			runOnlyForDeploymentPostprocessing = 0;
		};
		767F65731DF2B70A00954E00 /* Frameworks */ = {
			isa = PBXFrameworksBuildPhase;
			buildActionMask = 2147483647;
			files = (
			);
			runOnlyForDeploymentPostprocessing = 0;
		};
		767F657E1DF2B70A00954E00 /* Frameworks */ = {
			isa = PBXFrameworksBuildPhase;
			buildActionMask = 2147483647;
			files = (
			);
			runOnlyForDeploymentPostprocessing = 0;
		};
/* End PBXFrameworksBuildPhase section */

/* Begin PBXGroup section */
		767F65541DF2B70A00954E00 = {
			isa = PBXGroup;
			children = (
				767F655F1DF2B70A00954E00 /* ManyLanguage */,
				767F65791DF2B70A00954E00 /* ManyLanguageTests */,
				767F65841DF2B70A00954E00 /* ManyLanguageUITests */,
				767F655E1DF2B70A00954E00 /* Products */,
			);
			sourceTree = "<group>";
		};
		767F655E1DF2B70A00954E00 /* Products */ = {
			isa = PBXGroup;
			children = (
				767F655D1DF2B70A00954E00 /* ManyLanguage.app */,
				767F65761DF2B70A00954E00 /* ManyLanguageTests.xctest */,
				767F65811DF2B70A00954E00 /* ManyLanguageUITests.xctest */,
			);
			name = Products;
			sourceTree = "<group>";
		};
		767F655F1DF2B70A00954E00 /* ManyLanguage */ = {
			isa = PBXGroup;
			children = (
				767F65631DF2B70A00954E00 /* AppDelegate.h */,
				767F65641DF2B70A00954E00 /* AppDelegate.m */,
				767F659B1DF2BFA000954E00 /* ViewController.h */,
				767F659C1DF2BFA000954E00 /* ViewController.m */,
				FB235E6C1DF559C200F69F65 /* ViewController1.h */,
				FB235E6D1DF559C200F69F65 /* ViewController1.m */,
				FB235E6E1DF559C200F69F65 /* ViewController1.xib */,
				FB235E711DF559CF00F69F65 /* ViewController2.h */,
				FB235E721DF559CF00F69F65 /* ViewController2.m */,
				FB235E731DF559CF00F69F65 /* ViewController2.xib */,
				FB235E601DF519F000F69F65 /* TabBarViewController.h */,
				FB235E611DF519F000F69F65 /* TabBarViewController.m */,
				FB235E691DF5354900F69F65 /* NSBundle+Language.h */,
				FB235E6A1DF5354900F69F65 /* NSBundle+Language.m */,
				767F65AD1DF2CA8F00954E00 /* Localizable.strings */,
				767F65A41DF2C4C800954E00 /* InfoPlist.strings */,
				767F659D1DF2BFA000954E00 /* ViewController.xib */,
				767F65691DF2B70A00954E00 /* Main.storyboard */,
				767F656C1DF2B70A00954E00 /* Assets.xcassets */,
				767F656E1DF2B70A00954E00 /* LaunchScreen.storyboard */,
				767F65711DF2B70A00954E00 /* Info.plist */,
				767F65601DF2B70A00954E00 /* Supporting Files */,
			);
			path = ManyLanguage;
			sourceTree = "<group>";
		};
		767F65601DF2B70A00954E00 /* Supporting Files */ = {
			isa = PBXGroup;
			children = (
				767F65611DF2B70A00954E00 /* main.m */,
			);
			name = "Supporting Files";
			sourceTree = "<group>";
		};
		767F65791DF2B70A00954E00 /* ManyLanguageTests */ = {
			isa = PBXGroup;
			children = (
				767F657A1DF2B70A00954E00 /* ManyLanguageTests.m */,
				767F657C1DF2B70A00954E00 /* Info.plist */,
			);
			path = ManyLanguageTests;
			sourceTree = "<group>";
		};
		767F65841DF2B70A00954E00 /* ManyLanguageUITests */ = {
			isa = PBXGroup;
			children = (
				767F65851DF2B70A00954E00 /* ManyLanguageUITests.m */,
				767F65871DF2B70A00954E00 /* Info.plist */,
			);
			path = ManyLanguageUITests;
			sourceTree = "<group>";
		};
/* End PBXGroup section */

/* Begin PBXNativeTarget section */
		767F655C1DF2B70A00954E00 /* ManyLanguage */ = {
			isa = PBXNativeTarget;
			buildConfigurationList = 767F658A1DF2B70A00954E00 /* Build configuration list for PBXNativeTarget "ManyLanguage" */;
			buildPhases = (
				767F65591DF2B70A00954E00 /* Sources */,
				767F655A1DF2B70A00954E00 /* Frameworks */,
				767F655B1DF2B70A00954E00 /* Resources */,
			);
			buildRules = (
			);
			dependencies = (
			);
			name = ManyLanguage;
			productName = ManyLanguage;
			productReference = 767F655D1DF2B70A00954E00 /* ManyLanguage.app */;
			productType = "com.apple.product-type.application";
		};
		767F65751DF2B70A00954E00 /* ManyLanguageTests */ = {
			isa = PBXNativeTarget;
			buildConfigurationList = 767F658D1DF2B70A00954E00 /* Build configuration list for PBXNativeTarget "ManyLanguageTests" */;
			buildPhases = (
				767F65721DF2B70A00954E00 /* Sources */,
				767F65731DF2B70A00954E00 /* Frameworks */,
				767F65741DF2B70A00954E00 /* Resources */,
			);
			buildRules = (
			);
			dependencies = (
				767F65781DF2B70A00954E00 /* PBXTargetDependency */,
			);
			name = ManyLanguageTests;
			productName = ManyLanguageTests;
			productReference = 767F65761DF2B70A00954E00 /* ManyLanguageTests.xctest */;
			productType = "com.apple.product-type.bundle.unit-test";
		};
		767F65801DF2B70A00954E00 /* ManyLanguageUITests */ = {
			isa = PBXNativeTarget;
			buildConfigurationList = 767F65901DF2B70A00954E00 /* Build configuration list for PBXNativeTarget "ManyLanguageUITests" */;
			buildPhases = (
				767F657D1DF2B70A00954E00 /* Sources */,
				767F657E1DF2B70A00954E00 /* Frameworks */,
				767F657F1DF2B70A00954E00 /* Resources */,
			);
			buildRules = (
			);
			dependencies = (
				767F65831DF2B70A00954E00 /* PBXTargetDependency */,
			);
			name = ManyLanguageUITests;
			productName = ManyLanguageUITests;
			productReference = 767F65811DF2B70A00954E00 /* ManyLanguageUITests.xctest */;
			productType = "com.apple.product-type.bundle.ui-testing";
		};
/* End PBXNativeTarget section */

/* Begin PBXProject section */
		767F65551DF2B70A00954E00 /* Project object */ = {
			isa = PBXProject;
			attributes = {
				LastUpgradeCheck = 0800;
				ORGANIZATIONNAME = "风外杏林香";
				TargetAttributes = {
					767F655C1DF2B70A00954E00 = {
						CreatedOnToolsVersion = 8.0;
						DevelopmentTeam = LNU4F5ZAF7;
						ProvisioningStyle = Automatic;
					};
					767F65751DF2B70A00954E00 = {
						CreatedOnToolsVersion = 8.0;
						ProvisioningStyle = Automatic;
						TestTargetID = 767F655C1DF2B70A00954E00;
					};
					767F65801DF2B70A00954E00 = {
						CreatedOnToolsVersion = 8.0;
						ProvisioningStyle = Automatic;
						TestTargetID = 767F655C1DF2B70A00954E00;
					};
				};
			};
			buildConfigurationList = 767F65581DF2B70A00954E00 /* Build configuration list for PBXProject "ManyLanguage" */;
			compatibilityVersion = "Xcode 3.2";
			developmentRegion = English;
			hasScannedForEncodings = 0;
			knownRegions = (
				en,
				Base,
				"km-KH",
				"zh-Hans",
			);
			mainGroup = 767F65541DF2B70A00954E00;
			productRefGroup = 767F655E1DF2B70A00954E00 /* Products */;
			projectDirPath = "";
			projectRoot = "";
			targets = (
				767F655C1DF2B70A00954E00 /* ManyLanguage */,
				767F65751DF2B70A00954E00 /* ManyLanguageTests */,
				767F65801DF2B70A00954E00 /* ManyLanguageUITests */,
			);
		};
/* End PBXProject section */

/* Begin PBXResourcesBuildPhase section */
		767F655B1DF2B70A00954E00 /* Resources */ = {
			isa = PBXResourcesBuildPhase;
			buildActionMask = 2147483647;
			files = (
				FB235E701DF559C200F69F65 /* ViewController1.xib in Resources */,
				767F659F1DF2BFA000954E00 /* ViewController.xib in Resources */,
				767F65AB1DF2CA8F00954E00 /* Localizable.strings in Resources */,
				767F65701DF2B70A00954E00 /* LaunchScreen.storyboard in Resources */,
				767F656D1DF2B70A00954E00 /* Assets.xcassets in Resources */,
				FB235E751DF559CF00F69F65 /* ViewController2.xib in Resources */,
				767F656B1DF2B70A00954E00 /* Main.storyboard in Resources */,
				767F65A21DF2C4C800954E00 /* InfoPlist.strings in Resources */,
			);
			runOnlyForDeploymentPostprocessing = 0;
		};
		767F65741DF2B70A00954E00 /* Resources */ = {
			isa = PBXResourcesBuildPhase;
			buildActionMask = 2147483647;
			files = (
			);
			runOnlyForDeploymentPostprocessing = 0;
		};
		767F657F1DF2B70A00954E00 /* Resources */ = {
			isa = PBXResourcesBuildPhase;
			buildActionMask = 2147483647;
			files = (
			);
			runOnlyForDeploymentPostprocessing = 0;
		};
/* End PBXResourcesBuildPhase section */

/* Begin PBXSourcesBuildPhase section */
		767F65591DF2B70A00954E00 /* Sources */ = {
			isa = PBXSourcesBuildPhase;
			buildActionMask = 2147483647;
			files = (
				FB235E741DF559CF00F69F65 /* ViewController2.m in Sources */,
				FB235E621DF519F000F69F65 /* TabBarViewController.m in Sources */,
				767F659E1DF2BFA000954E00 /* ViewController.m in Sources */,
				FB235E6F1DF559C200F69F65 /* ViewController1.m in Sources */,
				767F65651DF2B70A00954E00 /* AppDelegate.m in Sources */,
				FB235E6B1DF5354900F69F65 /* NSBundle+Language.m in Sources */,
				767F65621DF2B70A00954E00 /* main.m in Sources */,
			);
			runOnlyForDeploymentPostprocessing = 0;
		};
		767F65721DF2B70A00954E00 /* Sources */ = {
			isa = PBXSourcesBuildPhase;
			buildActionMask = 2147483647;
			files = (
				767F657B1DF2B70A00954E00 /* ManyLanguageTests.m in Sources */,
			);
			runOnlyForDeploymentPostprocessing = 0;
		};
		767F657D1DF2B70A00954E00 /* Sources */ = {
			isa = PBXSourcesBuildPhase;
			buildActionMask = 2147483647;
			files = (
				767F65861DF2B70A00954E00 /* ManyLanguageUITests.m in Sources */,
			);
			runOnlyForDeploymentPostprocessing = 0;
		};
/* End PBXSourcesBuildPhase section */

/* Begin PBXTargetDependency section */
		767F65781DF2B70A00954E00 /* PBXTargetDependency */ = {
			isa = PBXTargetDependency;
			target = 767F655C1DF2B70A00954E00 /* ManyLanguage */;
			targetProxy = 767F65771DF2B70A00954E00 /* PBXContainerItemProxy */;
		};
		767F65831DF2B70A00954E00 /* PBXTargetDependency */ = {
			isa = PBXTargetDependency;
			target = 767F655C1DF2B70A00954E00 /* ManyLanguage */;
			targetProxy = 767F65821DF2B70A00954E00 /* PBXContainerItemProxy */;
		};
/* End PBXTargetDependency section */

/* Begin PBXVariantGroup section */
		767F65691DF2B70A00954E00 /* Main.storyboard */ = {
			isa = PBXVariantGroup;
			children = (
				767F656A1DF2B70A00954E00 /* Base */,
				767F65981DF2B88100954E00 /* km-KH */,
				767F65A61DF2C8C600954E00 /* zh-Hans */,
			);
			name = Main.storyboard;
			sourceTree = "<group>";
		};
		767F656E1DF2B70A00954E00 /* LaunchScreen.storyboard */ = {
			isa = PBXVariantGroup;
			children = (
				767F656F1DF2B70A00954E00 /* Base */,
				767F65991DF2B88100954E00 /* km-KH */,
				767F65A71DF2C8C600954E00 /* zh-Hans */,
			);
			name = LaunchScreen.storyboard;
			sourceTree = "<group>";
		};
		767F65A41DF2C4C800954E00 /* InfoPlist.strings */ = {
			isa = PBXVariantGroup;
			children = (
				767F65A31DF2C4C800954E00 /* km-KH */,
				767F65A51DF2C4CB00954E00 /* en */,
				767F65A81DF2C8C600954E00 /* zh-Hans */,
			);
			name = InfoPlist.strings;
			sourceTree = "<group>";
		};
		767F65AD1DF2CA8F00954E00 /* Localizable.strings */ = {
			isa = PBXVariantGroup;
			children = (
				767F65AC1DF2CA8F00954E00 /* Base */,
				767F65AE1DF2CA9100954E00 /* en */,
				767F65AF1DF2CA9200954E00 /* km-KH */,
				767F65B01DF2CA9400954E00 /* zh-Hans */,
			);
			name = Localizable.strings;
			sourceTree = "<group>";
		};
/* End PBXVariantGroup section */

/* Begin XCBuildConfiguration section */
		767F65881DF2B70A00954E00 /* Debug */ = {
			isa = XCBuildConfiguration;
			buildSettings = {
				ALWAYS_SEARCH_USER_PATHS = NO;
				CLANG_ANALYZER_LOCALIZABILITY_NONLOCALIZED = YES;
				CLANG_ANALYZER_NONNULL = YES;
				CLANG_CXX_LANGUAGE_STANDARD = "gnu++0x";
				CLANG_CXX_LIBRARY = "libc++";
				CLANG_ENABLE_MODULES = YES;
				CLANG_ENABLE_OBJC_ARC = YES;
				CLANG_WARN_BOOL_CONVERSION = YES;
				CLANG_WARN_CONSTANT_CONVERSION = YES;
				CLANG_WARN_DIRECT_OBJC_ISA_USAGE = YES_ERROR;
				CLANG_WARN_DOCUMENTATION_COMMENTS = YES;
				CLANG_WARN_EMPTY_BODY = YES;
				CLANG_WARN_ENUM_CONVERSION = YES;
				CLANG_WARN_INFINITE_RECURSION = YES;
				CLANG_WARN_INT_CONVERSION = YES;
				CLANG_WARN_OBJC_ROOT_CLASS = YES_ERROR;
				CLANG_WARN_SUSPICIOUS_MOVES = YES;
				CLANG_WARN_UNREACHABLE_CODE = YES;
				CLANG_WARN__DUPLICATE_METHOD_MATCH = YES;
				"CODE_SIGN_IDENTITY[sdk=iphoneos*]" = "iPhone Developer";
				COPY_PHASE_STRIP = NO;
				DEBUG_INFORMATION_FORMAT = dwarf;
				ENABLE_STRICT_OBJC_MSGSEND = YES;
				ENABLE_TESTABILITY = YES;
				GCC_C_LANGUAGE_STANDARD = gnu99;
				GCC_DYNAMIC_NO_PIC = NO;
				GCC_NO_COMMON_BLOCKS = YES;
				GCC_OPTIMIZATION_LEVEL = 0;
				GCC_PREPROCESSOR_DEFINITIONS = (
					"DEBUG=1",
					"$(inherited)",
				);
				GCC_WARN_64_TO_32_BIT_CONVERSION = YES;
				GCC_WARN_ABOUT_RETURN_TYPE = YES_ERROR;
				GCC_WARN_UNDECLARED_SELECTOR = YES;
				GCC_WARN_UNINITIALIZED_AUTOS = YES_AGGRESSIVE;
				GCC_WARN_UNUSED_FUNCTION = YES;
				GCC_WARN_UNUSED_VARIABLE = YES;
				IPHONEOS_DEPLOYMENT_TARGET = 10.0;
				MTL_ENABLE_DEBUG_INFO = YES;
				ONLY_ACTIVE_ARCH = YES;
				SDKROOT = iphoneos;
				TARGETED_DEVICE_FAMILY = "1,2";
			};
			name = Debug;
		};
		767F65891DF2B70A00954E00 /* Release */ = {
			isa = XCBuildConfiguration;
			buildSettings = {
				ALWAYS_SEARCH_USER_PATHS = NO;
				CLANG_ANALYZER_LOCALIZABILITY_NONLOCALIZED = YES;
				CLANG_ANALYZER_NONNULL = YES;
				CLANG_CXX_LANGUAGE_STANDARD = "gnu++0x";
				CLANG_CXX_LIBRARY = "libc++";
				CLANG_ENABLE_MODULES = YES;
				CLANG_ENABLE_OBJC_ARC = YES;
				CLANG_WARN_BOOL_CONVERSION = YES;
				CLANG_WARN_CONSTANT_CONVERSION = YES;
				CLANG_WARN_DIRECT_OBJC_ISA_USAGE = YES_ERROR;
				CLANG_WARN_DOCUMENTATION_COMMENTS = YES;
				CLANG_WARN_EMPTY_BODY = YES;
				CLANG_WARN_ENUM_CONVERSION = YES;
				CLANG_WARN_INFINITE_RECURSION = YES;
				CLANG_WARN_INT_CONVERSION = YES;
				CLANG_WARN_OBJC_ROOT_CLASS = YES_ERROR;
				CLANG_WARN_SUSPICIOUS_MOVES = YES;
				CLANG_WARN_UNREACHABLE_CODE = YES;
				CLANG_WARN__DUPLICATE_METHOD_MATCH = YES;
				"CODE_SIGN_IDENTITY[sdk=iphoneos*]" = "iPhone Developer";
				COPY_PHASE_STRIP = NO;
				DEBUG_INFORMATION_FORMAT = "dwarf-with-dsym";
				ENABLE_NS_ASSERTIONS = NO;
				ENABLE_STRICT_OBJC_MSGSEND = YES;
				GCC_C_LANGUAGE_STANDARD = gnu99;
				GCC_NO_COMMON_BLOCKS = YES;
				GCC_WARN_64_TO_32_BIT_CONVERSION = YES;
				GCC_WARN_ABOUT_RETURN_TYPE = YES_ERROR;
				GCC_WARN_UNDECLARED_SELECTOR = YES;
				GCC_WARN_UNINITIALIZED_AUTOS = YES_AGGRESSIVE;
				GCC_WARN_UNUSED_FUNCTION = YES;
				GCC_WARN_UNUSED_VARIABLE = YES;
				IPHONEOS_DEPLOYMENT_TARGET = 10.0;
				MTL_ENABLE_DEBUG_INFO = NO;
				SDKROOT = iphoneos;
				TARGETED_DEVICE_FAMILY = "1,2";
				VALIDATE_PRODUCT = YES;
			};
			name = Release;
		};
		767F658B1DF2B70A00954E00 /* Debug */ = {
			isa = XCBuildConfiguration;
			buildSettings = {
				ASSETCATALOG_COMPILER_APPICON_NAME = AppIcon;
				"CODE_SIGN_IDENTITY[sdk=iphoneos*]" = "iPhone Developer";
				DEVELOPMENT_TEAM = LNU4F5ZAF7;
				INFOPLIST_FILE = ManyLanguage/Info.plist;
				LD_RUNPATH_SEARCH_PATHS = "$(inherited) @executable_path/Frameworks";
				PRODUCT_BUNDLE_IDENTIFIER = "-----.ManyLanguage";
				PRODUCT_NAME = "$(TARGET_NAME)";
			};
			name = Debug;
		};
		767F658C1DF2B70A00954E00 /* Release */ = {
			isa = XCBuildConfiguration;
			buildSettings = {
				ASSETCATALOG_COMPILER_APPICON_NAME = AppIcon;
				"CODE_SIGN_IDENTITY[sdk=iphoneos*]" = "iPhone Developer";
				DEVELOPMENT_TEAM = LNU4F5ZAF7;
				INFOPLIST_FILE = ManyLanguage/Info.plist;
				LD_RUNPATH_SEARCH_PATHS = "$(inherited) @executable_path/Frameworks";
				PRODUCT_BUNDLE_IDENTIFIER = "-----.ManyLanguage";
				PRODUCT_NAME = "$(TARGET_NAME)";
			};
			name = Release;
		};
		767F658E1DF2B70A00954E00 /* Debug */ = {
			isa = XCBuildConfiguration;
			buildSettings = {
				BUNDLE_LOADER = "$(TEST_HOST)";
				INFOPLIST_FILE = ManyLanguageTests/Info.plist;
				LD_RUNPATH_SEARCH_PATHS = "$(inherited) @executable_path/Frameworks @loader_path/Frameworks";
				PRODUCT_BUNDLE_IDENTIFIER = "-----.ManyLanguageTests";
				PRODUCT_NAME = "$(TARGET_NAME)";
				TEST_HOST = "$(BUILT_PRODUCTS_DIR)/ManyLanguage.app/ManyLanguage";
			};
			name = Debug;
		};
		767F658F1DF2B70A00954E00 /* Release */ = {
			isa = XCBuildConfiguration;
			buildSettings = {
				BUNDLE_LOADER = "$(TEST_HOST)";
				INFOPLIST_FILE = ManyLanguageTests/Info.plist;
				LD_RUNPATH_SEARCH_PATHS = "$(inherited) @executable_path/Frameworks @loader_path/Frameworks";
				PRODUCT_BUNDLE_IDENTIFIER = "-----.ManyLanguageTests";
				PRODUCT_NAME = "$(TARGET_NAME)";
				TEST_HOST = "$(BUILT_PRODUCTS_DIR)/ManyLanguage.app/ManyLanguage";
			};
			name = Release;
		};
		767F65911DF2B70A00954E00 /* Debug */ = {
			isa = XCBuildConfiguration;
			buildSettings = {
				INFOPLIST_FILE = ManyLanguageUITests/Info.plist;
				LD_RUNPATH_SEARCH_PATHS = "$(inherited) @executable_path/Frameworks @loader_path/Frameworks";
				PRODUCT_BUNDLE_IDENTIFIER = "-----.ManyLanguageUITests";
				PRODUCT_NAME = "$(TARGET_NAME)";
				TEST_TARGET_NAME = ManyLanguage;
			};
			name = Debug;
		};
		767F65921DF2B70A00954E00 /* Release */ = {
			isa = XCBuildConfiguration;
			buildSettings = {
				INFOPLIST_FILE = ManyLanguageUITests/Info.plist;
				LD_RUNPATH_SEARCH_PATHS = "$(inherited) @executable_path/Frameworks @loader_path/Frameworks";
				PRODUCT_BUNDLE_IDENTIFIER = "-----.ManyLanguageUITests";
				PRODUCT_NAME = "$(TARGET_NAME)";
				TEST_TARGET_NAME = ManyLanguage;
			};
			name = Release;
		};
/* End XCBuildConfiguration section */

/* Begin XCConfigurationList section */
		767F65581DF2B70A00954E00 /* Build configuration list for PBXProject "ManyLanguage" */ = {
			isa = XCConfigurationList;
			buildConfigurations = (
				767F65881DF2B70A00954E00 /* Debug */,
				767F65891DF2B70A00954E00 /* Release */,
			);
			defaultConfigurationIsVisible = 0;
			defaultConfigurationName = Release;
		};
		767F658A1DF2B70A00954E00 /* Build configuration list for PBXNativeTarget "ManyLanguage" */ = {
			isa = XCConfigurationList;
			buildConfigurations = (
				767F658B1DF2B70A00954E00 /* Debug */,
				767F658C1DF2B70A00954E00 /* Release */,
			);
			defaultConfigurationIsVisible = 0;
			defaultConfigurationName = Release;
		};
		767F658D1DF2B70A00954E00 /* Build configuration list for PBXNativeTarget "ManyLanguageTests" */ = {
			isa = XCConfigurationList;
			buildConfigurations = (
				767F658E1DF2B70A00954E00 /* Debug */,
				767F658F1DF2B70A00954E00 /* Release */,
			);
			defaultConfigurationIsVisible = 0;
			defaultConfigurationName = Release;
		};
		767F65901DF2B70A00954E00 /* Build configuration list for PBXNativeTarget "ManyLanguageUITests" */ = {
			isa = XCConfigurationList;
			buildConfigurations = (
				767F65911DF2B70A00954E00 /* Debug */,
				767F65921DF2B70A00954E00 /* Release */,
			);
			defaultConfigurationIsVisible = 0;
			defaultConfigurationName = Release;
		};
/* End XCConfigurationList section */
	};
	rootObject = 767F65551DF2B70A00954E00 /* Project object */;
}
